
Microsoft Visual Studio Solution File, Format Version 12.00
# Visual Studio Version 16
VisualStudioVersion = 16.0.31005.135
MinimumVisualStudioVersion = 10.0.40219.1
Project("{FAE04EC0-301F-11D3-BF4B-00C04F79EFBC}") = "JP4", "JP4\JP4.csproj", "{C1DFF987-96D8-4F95-A2F9-D5B35856D618}"
EndProject
Project("{FAE04EC0-301F-11D3-BF4B-00C04F79EFBC}") = "Update_JM4", "Update_JM4\Update_JM4.csproj", "{9E3481B5-FE17-4454-861B-7FF49BACB74F}"
EndProject
Global
	GlobalSection(SolutionConfigurationPlatforms) = preSolution
		Debug|Any CPU = Debug|Any CPU
		Release|Any CPU = Release|Any CPU
	EndGlobalSection
	GlobalSection(ProjectConfigurationPlatforms) = postSolution
		{C1DFF987-96D8-4F95-A2F9-D5B35856D618}.Debug|Any CPU.ActiveCfg = Debug|Any CPU
		{C1DFF987-96D8-4F95-A2F9-D5B35856D618}.Debug|Any CPU.Build.0 = Debug|Any CPU
		{C1DFF987-96D8-4F95-A2F9-D5B35856D618}.Release|Any CPU.ActiveCfg = Release|Any CPU
		{C1DFF987-96D8-4F95-A2F9-D5B35856D618}.Release|Any CPU.Build.0 = Release|Any CPU
		{9E3481B5-FE17-4454-861B-7FF49BACB74F}.Debug|Any CPU.ActiveCfg = Debug|Any CPU
		{9E3481B5-FE17-4454-861B-7FF49BACB74F}.Debug|Any CPU.Build.0 = Debug|Any CPU
		{9E3481B5-FE17-4454-861B-7FF49BACB74F}.Release|Any CPU.ActiveCfg = Release|Any CPU
		{9E3481B5-FE17-4454-861B-7FF49BACB74F}.Release|Any CPU.Build.0 = Release|Any CPU
	EndGlobalSection
	GlobalSection(SolutionProperties) = preSolution
		HideSolutionNode = FALSE
	EndGlobalSection
	GlobalSection(ExtensibilityGlobals) = postSolution
		SolutionGuid = {2BAAF2EB-3942-40BD-BA33-56F2059AA9A5}
	EndGlobalSection
EndGlobal
